
Microsoft Visual Studio Solution File, Format Version 12.00
# Visual Studio 2013
VisualStudioVersion = 12.0.21005.1
MinimumVisualStudioVersion = 10.0.40219.1
Project("{FAE04EC0-301F-11D3-BF4B-00C04F79EFBC}") = "CS4u Test Framework", "CS4u Test Framework\CS4u Test Framework.csproj", "{E06ED769-6CEA-4353-9205-1CF5633125E7}"
EndProject
Project("{FAE04EC0-301F-11D3-BF4B-00C04F79EFBC}") = "CS4U", "CS4U\CS4U.csproj", "{2D92E241-BB5D-422C-84BE-810B9B71D99A}"
EndProject
Project("{FAE04EC0-301F-11D3-BF4B-00C04F79EFBC}") = "ClassLibrary1", "ClassLibrary1\ClassLibrary1.csproj", "{EABABD16-C779-475C-A19E-3DC2A71C1EF2}"
EndProject
Project("{FAE04EC0-301F-11D3-BF4B-00C04F79EFBC}") = "Interface", "Interface\Interface.csproj", "{02E7295F-0359-450B-9A8A-11FC13FE2285}"
EndProject
Global
	GlobalSection(SolutionConfigurationPlatforms) = preSolution
		Debug|Any CPU = Debug|Any CPU
		Release|Any CPU = Release|Any CPU
	EndGlobalSection
	GlobalSection(ProjectConfigurationPlatforms) = postSolution
		{E06ED769-6CEA-4353-9205-1CF5633125E7}.Debug|Any CPU.ActiveCfg = Debug|Any CPU
		{E06ED769-6CEA-4353-9205-1CF5633125E7}.Debug|Any CPU.Build.0 = Debug|Any CPU
		{E06ED769-6CEA-4353-9205-1CF5633125E7}.Release|Any CPU.ActiveCfg = Release|Any CPU
		{E06ED769-6CEA-4353-9205-1CF5633125E7}.Release|Any CPU.Build.0 = Release|Any CPU
		{2D92E241-BB5D-422C-84BE-810B9B71D99A}.Debug|Any CPU.ActiveCfg = Debug|Any CPU
		{2D92E241-BB5D-422C-84BE-810B9B71D99A}.Debug|Any CPU.Build.0 = Debug|Any CPU
		{2D92E241-BB5D-422C-84BE-810B9B71D99A}.Release|Any CPU.ActiveCfg = Release|Any CPU
		{2D92E241-BB5D-422C-84BE-810B9B71D99A}.Release|Any CPU.Build.0 = Release|Any CPU
		{EABABD16-C779-475C-A19E-3DC2A71C1EF2}.Debug|Any CPU.ActiveCfg = Debug|Any CPU
		{EABABD16-C779-475C-A19E-3DC2A71C1EF2}.Debug|Any CPU.Build.0 = Debug|Any CPU
		{EABABD16-C779-475C-A19E-3DC2A71C1EF2}.Release|Any CPU.ActiveCfg = Release|Any CPU
		{EABABD16-C779-475C-A19E-3DC2A71C1EF2}.Release|Any CPU.Build.0 = Release|Any CPU
		{02E7295F-0359-450B-9A8A-11FC13FE2285}.Debug|Any CPU.ActiveCfg = Debug|Any CPU
		{02E7295F-0359-450B-9A8A-11FC13FE2285}.Debug|Any CPU.Build.0 = Debug|Any CPU
		{02E7295F-0359-450B-9A8A-11FC13FE2285}.Release|Any CPU.ActiveCfg = Release|Any CPU
		{02E7295F-0359-450B-9A8A-11FC13FE2285}.Release|Any CPU.Build.0 = Release|Any CPU
	EndGlobalSection
	GlobalSection(SolutionProperties) = preSolution
		HideSolutionNode = FALSE
	EndGlobalSection
EndGlobal
